// !$*UTF8*$!
{
	archiveVersion = 1;
	classes = {
	};
	objectVersion = 55;
	objects = {

/* Begin PBXBuildFile section */
		8B1415B228736506003709C0 /* ScrumdingerApp.swift in Sources */ = {isa = PBXBuildFile; fileRef = 8B1415B128736506003709C0 /* ScrumdingerApp.swift */; };
		8B1415B428736506003709C0 /* MeetingView.swift in Sources */ = {isa = PBXBuildFile; fileRef = 8B1415B328736506003709C0 /* MeetingView.swift */; };
		8B1415B62873650B003709C0 /* Assets.xcassets in Resources */ = {isa = PBXBuildFile; fileRef = 8B1415B52873650B003709C0 /* Assets.xcassets */; };
		8B1415B92873650B003709C0 /* Preview Assets.xcassets in Resources */ = {isa = PBXBuildFile; fileRef = 8B1415B82873650B003709C0 /* Preview Assets.xcassets */; };
		8B1415BB2873650B003709C0 /* Persistence.swift in Sources */ = {isa = PBXBuildFile; fileRef = 8B1415BA2873650B003709C0 /* Persistence.swift */; };
		8B1415BE2873650B003709C0 /* Scrumdinger.xcdatamodeld in Sources */ = {isa = PBXBuildFile; fileRef = 8B1415BC2873650B003709C0 /* Scrumdinger.xcdatamodeld */; };
		8B1415C82873650B003709C0 /* ScrumdingerTests.swift in Sources */ = {isa = PBXBuildFile; fileRef = 8B1415C72873650B003709C0 /* ScrumdingerTests.swift */; };
		8B1415D22873650B003709C0 /* ScrumdingerUITests.swift in Sources */ = {isa = PBXBuildFile; fileRef = 8B1415D12873650B003709C0 /* ScrumdingerUITests.swift */; };
		8B1415D42873650B003709C0 /* ScrumdingerUITestsLaunchTests.swift in Sources */ = {isa = PBXBuildFile; fileRef = 8B1415D32873650B003709C0 /* ScrumdingerUITestsLaunchTests.swift */; };
		8B1415E22873842E003709C0 /* Theme.swift in Sources */ = {isa = PBXBuildFile; fileRef = 8B1415E12873842E003709C0 /* Theme.swift */; };
		8B1415E42873851E003709C0 /* DailyScrum.swift in Sources */ = {isa = PBXBuildFile; fileRef = 8B1415E32873851E003709C0 /* DailyScrum.swift */; };
		8B1415E6287385CD003709C0 /* CardView.swift in Sources */ = {isa = PBXBuildFile; fileRef = 8B1415E5287385CD003709C0 /* CardView.swift */; };
		8B1415E8287388B5003709C0 /* TrailingIconLabelStyle.swift in Sources */ = {isa = PBXBuildFile; fileRef = 8B1415E7287388B5003709C0 /* TrailingIconLabelStyle.swift */; };
		8B1415EA28738B15003709C0 /* ScrumsView.swift in Sources */ = {isa = PBXBuildFile; fileRef = 8B1415E928738B15003709C0 /* ScrumsView.swift */; };
		8B1415EC28739188003709C0 /* DetailView.swift in Sources */ = {isa = PBXBuildFile; fileRef = 8B1415EB28739188003709C0 /* DetailView.swift */; };
		8B1415EE28739D8C003709C0 /* DetailEditView.swift in Sources */ = {isa = PBXBuildFile; fileRef = 8B1415ED28739D8C003709C0 /* DetailEditView.swift */; };
		8B1415F02873A36E003709C0 /* ThemeView.swift in Sources */ = {isa = PBXBuildFile; fileRef = 8B1415EF2873A36E003709C0 /* ThemeView.swift */; };
		8B1415F22873A5A9003709C0 /* ThemePicker.swift in Sources */ = {isa = PBXBuildFile; fileRef = 8B1415F12873A5A9003709C0 /* ThemePicker.swift */; };
		8B1415F42874833A003709C0 /* MeetingHeaderView.swift in Sources */ = {isa = PBXBuildFile; fileRef = 8B1415F32874833A003709C0 /* MeetingHeaderView.swift */; };
		8B1415F6287485F8003709C0 /* ScrumProgressViewStyle.swift in Sources */ = {isa = PBXBuildFile; fileRef = 8B1415F5287485F8003709C0 /* ScrumProgressViewStyle.swift */; };
		8B1415F828748633003709C0 /* ScrumTimer.swift in Sources */ = {isa = PBXBuildFile; fileRef = 8B1415F728748633003709C0 /* ScrumTimer.swift */; };
		8B1415FA28748751003709C0 /* MeetingFooterView.swift in Sources */ = {isa = PBXBuildFile; fileRef = 8B1415F928748751003709C0 /* MeetingFooterView.swift */; };
		8B1415FC28748B27003709C0 /* AVPlayer+Ding.swift in Sources */ = {isa = PBXBuildFile; fileRef = 8B1415FB28748B27003709C0 /* AVPlayer+Ding.swift */; };
		8B1415FE28748C4F003709C0 /* Resources in Resources */ = {isa = PBXBuildFile; fileRef = 8B1415FD28748C4F003709C0 /* Resources */; };
/* End PBXBuildFile section */

/* Begin PBXContainerItemProxy section */
		8B1415C42873650B003709C0 /* PBXContainerItemProxy */ = {
			isa = PBXContainerItemProxy;
			containerPortal = 8B1415A628736505003709C0 /* Project object */;
			proxyType = 1;
			remoteGlobalIDString = 8B1415AD28736506003709C0;
			remoteInfo = Scrumdinger;
		};
		8B1415CE2873650B003709C0 /* PBXContainerItemProxy */ = {
			isa = PBXContainerItemProxy;
			containerPortal = 8B1415A628736505003709C0 /* Project object */;
			proxyType = 1;
			remoteGlobalIDString = 8B1415AD28736506003709C0;
			remoteInfo = Scrumdinger;
		};
/* End PBXContainerItemProxy section */

/* Begin PBXFileReference section */
		8B1415AE28736506003709C0 /* Scrumdinger.app */ = {isa = PBXFileReference; explicitFileType = wrapper.application; includeInIndex = 0; path = Scrumdinger.app; sourceTree = BUILT_PRODUCTS_DIR; };
		8B1415B128736506003709C0 /* ScrumdingerApp.swift */ = {isa = PBXFileReference; lastKnownFileType = sourcecode.swift; path = ScrumdingerApp.swift; sourceTree = "<group>"; };
		8B1415B328736506003709C0 /* MeetingView.swift */ = {isa = PBXFileReference; lastKnownFileType = sourcecode.swift; path = MeetingView.swift; sourceTree = "<group>"; };
		8B1415B52873650B003709C0 /* Assets.xcassets */ = {isa = PBXFileReference; lastKnownFileType = folder.assetcatalog; path = Assets.xcassets; sourceTree = "<group>"; };
		8B1415B82873650B003709C0 /* Preview Assets.xcassets */ = {isa = PBXFileReference; lastKnownFileType = folder.assetcatalog; path = "Preview Assets.xcassets"; sourceTree = "<group>"; };
		8B1415BA2873650B003709C0 /* Persistence.swift */ = {isa = PBXFileReference; lastKnownFileType = sourcecode.swift; path = Persistence.swift; sourceTree = "<group>"; };
		8B1415BD2873650B003709C0 /* Scrumdinger.xcdatamodel */ = {isa = PBXFileReference; lastKnownFileType = wrapper.xcdatamodel; path = Scrumdinger.xcdatamodel; sourceTree = "<group>"; };
		8B1415C32873650B003709C0 /* ScrumdingerTests.xctest */ = {isa = PBXFileReference; explicitFileType = wrapper.cfbundle; includeInIndex = 0; path = ScrumdingerTests.xctest; sourceTree = BUILT_PRODUCTS_DIR; };
		8B1415C72873650B003709C0 /* ScrumdingerTests.swift */ = {isa = PBXFileReference; lastKnownFileType = sourcecode.swift; path = ScrumdingerTests.swift; sourceTree = "<group>"; };
		8B1415CD2873650B003709C0 /* ScrumdingerUITests.xctest */ = {isa = PBXFileReference; explicitFileType = wrapper.cfbundle; includeInIndex = 0; path = ScrumdingerUITests.xctest; sourceTree = BUILT_PRODUCTS_DIR; };
		8B1415D12873650B003709C0 /* ScrumdingerUITests.swift */ = {isa = PBXFileReference; lastKnownFileType = sourcecode.swift; path = ScrumdingerUITests.swift; sourceTree = "<group>"; };
		8B1415D32873650B003709C0 /* ScrumdingerUITestsLaunchTests.swift */ = {isa = PBXFileReference; lastKnownFileType = sourcecode.swift; path = ScrumdingerUITestsLaunchTests.swift; sourceTree = "<group>"; };
		8B1415E12873842E003709C0 /* Theme.swift */ = {isa = PBXFileReference; lastKnownFileType = sourcecode.swift; path = Theme.swift; sourceTree = "<group>"; };
		8B1415E32873851E003709C0 /* DailyScrum.swift */ = {isa = PBXFileReference; lastKnownFileType = sourcecode.swift; path = DailyScrum.swift; sourceTree = "<group>"; };
		8B1415E5287385CD003709C0 /* CardView.swift */ = {isa = PBXFileReference; lastKnownFileType = sourcecode.swift; path = CardView.swift; sourceTree = "<group>"; };
		8B1415E7287388B5003709C0 /* TrailingIconLabelStyle.swift */ = {isa = PBXFileReference; lastKnownFileType = sourcecode.swift; path = TrailingIconLabelStyle.swift; sourceTree = "<group>"; };
		8B1415E928738B15003709C0 /* ScrumsView.swift */ = {isa = PBXFileReference; lastKnownFileType = sourcecode.swift; path = ScrumsView.swift; sourceTree = "<group>"; };
		8B1415EB28739188003709C0 /* DetailView.swift */ = {isa = PBXFileReference; lastKnownFileType = sourcecode.swift; path = DetailView.swift; sourceTree = "<group>"; };
		8B1415ED28739D8C003709C0 /* DetailEditView.swift */ = {isa = PBXFileReference; lastKnownFileType = sourcecode.swift; path = DetailEditView.swift; sourceTree = "<group>"; };
		8B1415EF2873A36E003709C0 /* ThemeView.swift */ = {isa = PBXFileReference; lastKnownFileType = sourcecode.swift; path = ThemeView.swift; sourceTree = "<group>"; };
		8B1415F12873A5A9003709C0 /* ThemePicker.swift */ = {isa = PBXFileReference; lastKnownFileType = sourcecode.swift; path = ThemePicker.swift; sourceTree = "<group>"; };
		8B1415F32874833A003709C0 /* MeetingHeaderView.swift */ = {isa = PBXFileReference; lastKnownFileType = sourcecode.swift; path = MeetingHeaderView.swift; sourceTree = "<group>"; };
		8B1415F5287485F8003709C0 /* ScrumProgressViewStyle.swift */ = {isa = PBXFileReference; fileEncoding = 4; lastKnownFileType = sourcecode.swift; name = ScrumProgressViewStyle.swift; path = ../../../../Downloads/ManagingStateAndLifeCycle/StartingProject/Scrumdinger/ScrumProgressViewStyle.swift; sourceTree = "<group>"; };
		8B1415F728748633003709C0 /* ScrumTimer.swift */ = {isa = PBXFileReference; fileEncoding = 4; lastKnownFileType = sourcecode.swift; name = ScrumTimer.swift; path = ../../../../../Downloads/ManagingStateAndLifeCycle/StartingProject/Scrumdinger/Models/ScrumTimer.swift; sourceTree = "<group>"; };
		8B1415F928748751003709C0 /* MeetingFooterView.swift */ = {isa = PBXFileReference; lastKnownFileType = sourcecode.swift; path = MeetingFooterView.swift; sourceTree = "<group>"; };
		8B1415FB28748B27003709C0 /* AVPlayer+Ding.swift */ = {isa = PBXFileReference; fileEncoding = 4; lastKnownFileType = sourcecode.swift; name = "AVPlayer+Ding.swift"; path = "../../../../../Downloads/ManagingStateAndLifeCycle/StartingProject/Scrumdinger/Models/AVPlayer+Ding.swift"; sourceTree = "<group>"; };
		8B1415FD28748C4F003709C0 /* Resources */ = {isa = PBXFileReference; lastKnownFileType = folder; name = Resources; path = ../../../../Downloads/ManagingStateAndLifeCycle/StartingProject/Scrumdinger/Resources; sourceTree = "<group>"; };
/* End PBXFileReference section */

/* Begin PBXFrameworksBuildPhase section */
		8B1415AB28736506003709C0 /* Frameworks */ = {
			isa = PBXFrameworksBuildPhase;
			buildActionMask = 2147483647;
			files = (
			);
			runOnlyForDeploymentPostprocessing = 0;
		};
		8B1415C02873650B003709C0 /* Frameworks */ = {
			isa = PBXFrameworksBuildPhase;
			buildActionMask = 2147483647;
			files = (
			);
			runOnlyForDeploymentPostprocessing = 0;
		};
		8B1415CA2873650B003709C0 /* Frameworks */ = {
			isa = PBXFrameworksBuildPhase;
			buildActionMask = 2147483647;
			files = (
			);
			runOnlyForDeploymentPostprocessing = 0;
		};
/* End PBXFrameworksBuildPhase section */

/* Begin PBXGroup section */
		8B1415A528736505003709C0 = {
			isa = PBXGroup;
			children = (
				8B1415B028736506003709C0 /* Scrumdinger */,
				8B1415C62873650B003709C0 /* ScrumdingerTests */,
				8B1415D02873650B003709C0 /* ScrumdingerUITests */,
				8B1415AF28736506003709C0 /* Products */,
			);
			sourceTree = "<group>";
		};
		8B1415AF28736506003709C0 /* Products */ = {
			isa = PBXGroup;
			children = (
				8B1415AE28736506003709C0 /* Scrumdinger.app */,
				8B1415C32873650B003709C0 /* ScrumdingerTests.xctest */,
				8B1415CD2873650B003709C0 /* ScrumdingerUITests.xctest */,
			);
			name = Products;
			sourceTree = "<group>";
		};
		8B1415B028736506003709C0 /* Scrumdinger */ = {
			isa = PBXGroup;
			children = (
				8B1415FD28748C4F003709C0 /* Resources */,
				8B1415F5287485F8003709C0 /* ScrumProgressViewStyle.swift */,
				8B1415E028738411003709C0 /* Models */,
				8B1415B128736506003709C0 /* ScrumdingerApp.swift */,
				8B1415B328736506003709C0 /* MeetingView.swift */,
				8B1415B52873650B003709C0 /* Assets.xcassets */,
				8B1415BA2873650B003709C0 /* Persistence.swift */,
				8B1415BC2873650B003709C0 /* Scrumdinger.xcdatamodeld */,
				8B1415B72873650B003709C0 /* Preview Content */,
				8B1415E5287385CD003709C0 /* CardView.swift */,
				8B1415E7287388B5003709C0 /* TrailingIconLabelStyle.swift */,
				8B1415E928738B15003709C0 /* ScrumsView.swift */,
				8B1415EB28739188003709C0 /* DetailView.swift */,
				8B1415ED28739D8C003709C0 /* DetailEditView.swift */,
				8B1415EF2873A36E003709C0 /* ThemeView.swift */,
				8B1415F12873A5A9003709C0 /* ThemePicker.swift */,
				8B1415F32874833A003709C0 /* MeetingHeaderView.swift */,
				8B1415F928748751003709C0 /* MeetingFooterView.swift */,
			);
			path = Scrumdinger;
			sourceTree = "<group>";
		};
		8B1415B72873650B003709C0 /* Preview Content */ = {
			isa = PBXGroup;
			children = (
				8B1415B82873650B003709C0 /* Preview Assets.xcassets */,
			);
			path = "Preview Content";
			sourceTree = "<group>";
		};
		8B1415C62873650B003709C0 /* ScrumdingerTests */ = {
			isa = PBXGroup;
			children = (
				8B1415C72873650B003709C0 /* ScrumdingerTests.swift */,
			);
			path = ScrumdingerTests;
			sourceTree = "<group>";
		};
		8B1415D02873650B003709C0 /* ScrumdingerUITests */ = {
			isa = PBXGroup;
			children = (
				8B1415D12873650B003709C0 /* ScrumdingerUITests.swift */,
				8B1415D32873650B003709C0 /* ScrumdingerUITestsLaunchTests.swift */,
			);
			path = ScrumdingerUITests;
			sourceTree = "<group>";
		};
		8B1415E028738411003709C0 /* Models */ = {
			isa = PBXGroup;
			children = (
				8B1415FB28748B27003709C0 /* AVPlayer+Ding.swift */,
				8B1415F728748633003709C0 /* ScrumTimer.swift */,
				8B1415E12873842E003709C0 /* Theme.swift */,
				8B1415E32873851E003709C0 /* DailyScrum.swift */,
			);
			path = Models;
			sourceTree = "<group>";
		};
/* End PBXGroup section */

/* Begin PBXNativeTarget section */
		8B1415AD28736506003709C0 /* Scrumdinger */ = {
			isa = PBXNativeTarget;
			buildConfigurationList = 8B1415D72873650B003709C0 /* Build configuration list for PBXNativeTarget "Scrumdinger" */;
			buildPhases = (
				8B1415AA28736506003709C0 /* Sources */,
				8B1415AB28736506003709C0 /* Frameworks */,
				8B1415AC28736506003709C0 /* Resources */,
			);
			buildRules = (
			);
			dependencies = (
			);
			name = Scrumdinger;
			productName = Scrumdinger;
			productReference = 8B1415AE28736506003709C0 /* Scrumdinger.app */;
			productType = "com.apple.product-type.application";
		};
		8B1415C22873650B003709C0 /* ScrumdingerTests */ = {
			isa = PBXNativeTarget;
			buildConfigurationList = 8B1415DA2873650B003709C0 /* Build configuration list for PBXNativeTarget "ScrumdingerTests" */;
			buildPhases = (
				8B1415BF2873650B003709C0 /* Sources */,
				8B1415C02873650B003709C0 /* Frameworks */,
				8B1415C12873650B003709C0 /* Resources */,
			);
			buildRules = (
			);
			dependencies = (
				8B1415C52873650B003709C0 /* PBXTargetDependency */,
			);
			name = ScrumdingerTests;
			productName = ScrumdingerTests;
			productReference = 8B1415C32873650B003709C0 /* ScrumdingerTests.xctest */;
			productType = "com.apple.product-type.bundle.unit-test";
		};
		8B1415CC2873650B003709C0 /* ScrumdingerUITests */ = {
			isa = PBXNativeTarget;
			buildConfigurationList = 8B1415DD2873650B003709C0 /* Build configuration list for PBXNativeTarget "ScrumdingerUITests" */;
			buildPhases = (
				8B1415C92873650B003709C0 /* Sources */,
				8B1415CA2873650B003709C0 /* Frameworks */,
				8B1415CB2873650B003709C0 /* Resources */,
			);
			buildRules = (
			);
			dependencies = (
				8B1415CF2873650B003709C0 /* PBXTargetDependency */,
			);
			name = ScrumdingerUITests;
			productName = ScrumdingerUITests;
			productReference = 8B1415CD2873650B003709C0 /* ScrumdingerUITests.xctest */;
			productType = "com.apple.product-type.bundle.ui-testing";
		};
/* End PBXNativeTarget section */

/* Begin PBXProject section */
		8B1415A628736505003709C0 /* Project object */ = {
			isa = PBXProject;
			attributes = {
				BuildIndependentTargetsInParallel = 1;
				LastSwiftUpdateCheck = 1340;
				LastUpgradeCheck = 1340;
				TargetAttributes = {
					8B1415AD28736506003709C0 = {
						CreatedOnToolsVersion = 13.4.1;
					};
					8B1415C22873650B003709C0 = {
						CreatedOnToolsVersion = 13.4.1;
						TestTargetID = 8B1415AD28736506003709C0;
					};
					8B1415CC2873650B003709C0 = {
						CreatedOnToolsVersion = 13.4.1;
						TestTargetID = 8B1415AD28736506003709C0;
					};
				};
			};
			buildConfigurationList = 8B1415A928736505003709C0 /* Build configuration list for PBXProject "Scrumdinger" */;
			compatibilityVersion = "Xcode 13.0";
			developmentRegion = en;
			hasScannedForEncodings = 0;
			knownRegions = (
				en,
				Base,
			);
			mainGroup = 8B1415A528736505003709C0;
			productRefGroup = 8B1415AF28736506003709C0 /* Products */;
			projectDirPath = "";
			projectRoot = "";
			targets = (
				8B1415AD28736506003709C0 /* Scrumdinger */,
				8B1415C22873650B003709C0 /* ScrumdingerTests */,
				8B1415CC2873650B003709C0 /* ScrumdingerUITests */,
			);
		};
/* End PBXProject section */

/* Begin PBXResourcesBuildPhase section */
		8B1415AC28736506003709C0 /* Resources */ = {
			isa = PBXResourcesBuildPhase;
			buildActionMask = 2147483647;
			files = (
				8B1415B92873650B003709C0 /* Preview Assets.xcassets in Resources */,
				8B1415B62873650B003709C0 /* Assets.xcassets in Resources */,
				8B1415FE28748C4F003709C0 /* Resources in Resources */,
			);
			runOnlyForDeploymentPostprocessing = 0;
		};
		8B1415C12873650B003709C0 /* Resources */ = {
			isa = PBXResourcesBuildPhase;
			buildActionMask = 2147483647;
			files = (
			);
			runOnlyForDeploymentPostprocessing = 0;
		};
		8B1415CB2873650B003709C0 /* Resources */ = {
			isa = PBXResourcesBuildPhase;
			buildActionMask = 2147483647;
			files = (
			);
			runOnlyForDeploymentPostprocessing = 0;
		};
/* End PBXResourcesBuildPhase section */

/* Begin PBXSourcesBuildPhase section */
		8B1415AA28736506003709C0 /* Sources */ = {
			isa = PBXSourcesBuildPhase;
			buildActionMask = 2147483647;
			files = (
				8B1415E6287385CD003709C0 /* CardView.swift in Sources */,
				8B1415EA28738B15003709C0 /* ScrumsView.swift in Sources */,
				8B1415BB2873650B003709C0 /* Persistence.swift in Sources */,
				8B1415EC28739188003709C0 /* DetailView.swift in Sources */,
				8B1415F02873A36E003709C0 /* ThemeView.swift in Sources */,
				8B1415B428736506003709C0 /* MeetingView.swift in Sources */,
				8B1415F828748633003709C0 /* ScrumTimer.swift in Sources */,
				8B1415FC28748B27003709C0 /* AVPlayer+Ding.swift in Sources */,
				8B1415E8287388B5003709C0 /* TrailingIconLabelStyle.swift in Sources */,
				8B1415F42874833A003709C0 /* MeetingHeaderView.swift in Sources */,
				8B1415F6287485F8003709C0 /* ScrumProgressViewStyle.swift in Sources */,
				8B1415E22873842E003709C0 /* Theme.swift in Sources */,
				8B1415FA28748751003709C0 /* MeetingFooterView.swift in Sources */,
				8B1415B228736506003709C0 /* ScrumdingerApp.swift in Sources */,
				8B1415EE28739D8C003709C0 /* DetailEditView.swift in Sources */,
				8B1415F22873A5A9003709C0 /* ThemePicker.swift in Sources */,
				8B1415E42873851E003709C0 /* DailyScrum.swift in Sources */,
				8B1415BE2873650B003709C0 /* Scrumdinger.xcdatamodeld in Sources */,
			);
			runOnlyForDeploymentPostprocessing = 0;
		};
		8B1415BF2873650B003709C0 /* Sources */ = {
			isa = PBXSourcesBuildPhase;
			buildActionMask = 2147483647;
			files = (
				8B1415C82873650B003709C0 /* ScrumdingerTests.swift in Sources */,
			);
			runOnlyForDeploymentPostprocessing = 0;
		};
		8B1415C92873650B003709C0 /* Sources */ = {
			isa = PBXSourcesBuildPhase;
			buildActionMask = 2147483647;
			files = (
				8B1415D42873650B003709C0 /* ScrumdingerUITestsLaunchTests.swift in Sources */,
				8B1415D22873650B003709C0 /* ScrumdingerUITests.swift in Sources */,
			);
			runOnlyForDeploymentPostprocessing = 0;
		};
/* End PBXSourcesBuildPhase section */

/* Begin PBXTargetDependency section */
		8B1415C52873650B003709C0 /* PBXTargetDependency */ = {
			isa = PBXTargetDependency;
			target = 8B1415AD28736506003709C0 /* Scrumdinger */;
			targetProxy = 8B1415C42873650B003709C0 /* PBXContainerItemProxy */;
		};
		8B1415CF2873650B003709C0 /* PBXTargetDependency */ = {
			isa = PBXTargetDependency;
			target = 8B1415AD28736506003709C0 /* Scrumdinger */;
			targetProxy = 8B1415CE2873650B003709C0 /* PBXContainerItemProxy */;
		};
/* End PBXTargetDependency section */

/* Begin XCBuildConfiguration section */
		8B1415D52873650B003709C0 /* Debug */ = {
			isa = XCBuildConfiguration;
			buildSettings = {
				ALWAYS_SEARCH_USER_PATHS = NO;
				CLANG_ANALYZER_NONNULL = YES;
				CLANG_ANALYZER_NUMBER_OBJECT_CONVERSION = YES_AGGRESSIVE;
				CLANG_CXX_LANGUAGE_STANDARD = "gnu++17";
				CLANG_ENABLE_MODULES = YES;
				CLANG_ENABLE_OBJC_ARC = YES;
				CLANG_ENABLE_OBJC_WEAK = YES;
				CLANG_WARN_BLOCK_CAPTURE_AUTORELEASING = YES;
				CLANG_WARN_BOOL_CONVERSION = YES;
				CLANG_WARN_COMMA = YES;
				CLANG_WARN_CONSTANT_CONVERSION = YES;
				CLANG_WARN_DEPRECATED_OBJC_IMPLEMENTATIONS = YES;
				CLANG_WARN_DIRECT_OBJC_ISA_USAGE = YES_ERROR;
				CLANG_WARN_DOCUMENTATION_COMMENTS = YES;
				CLANG_WARN_EMPTY_BODY = YES;
				CLANG_WARN_ENUM_CONVERSION = YES;
				CLANG_WARN_INFINITE_RECURSION = YES;
				CLANG_WARN_INT_CONVERSION = YES;
				CLANG_WARN_NON_LITERAL_NULL_CONVERSION = YES;
				CLANG_WARN_OBJC_IMPLICIT_RETAIN_SELF = YES;
				CLANG_WARN_OBJC_LITERAL_CONVERSION = YES;
				CLANG_WARN_OBJC_ROOT_CLASS = YES_ERROR;
				CLANG_WARN_QUOTED_INCLUDE_IN_FRAMEWORK_HEADER = YES;
				CLANG_WARN_RANGE_LOOP_ANALYSIS = YES;
				CLANG_WARN_STRICT_PROTOTYPES = YES;
				CLANG_WARN_SUSPICIOUS_MOVE = YES;
				CLANG_WARN_UNGUARDED_AVAILABILITY = YES_AGGRESSIVE;
				CLANG_WARN_UNREACHABLE_CODE = YES;
				CLANG_WARN__DUPLICATE_METHOD_MATCH = YES;
				COPY_PHASE_STRIP = NO;
				DEBUG_INFORMATION_FORMAT = dwarf;
				ENABLE_STRICT_OBJC_MSGSEND = YES;
				ENABLE_TESTABILITY = YES;
				GCC_C_LANGUAGE_STANDARD = gnu11;
				GCC_DYNAMIC_NO_PIC = NO;
				GCC_NO_COMMON_BLOCKS = YES;
				GCC_OPTIMIZATION_LEVEL = 0;
				GCC_PREPROCESSOR_DEFINITIONS = (
					"DEBUG=1",
					"$(inherited)",
				);
				GCC_WARN_64_TO_32_BIT_CONVERSION = YES;
				GCC_WARN_ABOUT_RETURN_TYPE = YES_ERROR;
				GCC_WARN_UNDECLARED_SELECTOR = YES;
				GCC_WARN_UNINITIALIZED_AUTOS = YES_AGGRESSIVE;
				GCC_WARN_UNUSED_FUNCTION = YES;
				GCC_WARN_UNUSED_VARIABLE = YES;
				IPHONEOS_DEPLOYMENT_TARGET = 15.5;
				MTL_ENABLE_DEBUG_INFO = INCLUDE_SOURCE;
				MTL_FAST_MATH = YES;
				ONLY_ACTIVE_ARCH = YES;
				SDKROOT = iphoneos;
				SWIFT_ACTIVE_COMPILATION_CONDITIONS = DEBUG;
				SWIFT_OPTIMIZATION_LEVEL = "-Onone";
			};
			name = Debug;
		};
		8B1415D62873650B003709C0 /* Release */ = {
			isa = XCBuildConfiguration;
			buildSettings = {
				ALWAYS_SEARCH_USER_PATHS = NO;
				CLANG_ANALYZER_NONNULL = YES;
				CLANG_ANALYZER_NUMBER_OBJECT_CONVERSION = YES_AGGRESSIVE;
				CLANG_CXX_LANGUAGE_STANDARD = "gnu++17";
				CLANG_ENABLE_MODULES = YES;
				CLANG_ENABLE_OBJC_ARC = YES;
				CLANG_ENABLE_OBJC_WEAK = YES;
				CLANG_WARN_BLOCK_CAPTURE_AUTORELEASING = YES;
				CLANG_WARN_BOOL_CONVERSION = YES;
				CLANG_WARN_COMMA = YES;
				CLANG_WARN_CONSTANT_CONVERSION = YES;
				CLANG_WARN_DEPRECATED_OBJC_IMPLEMENTATIONS = YES;
				CLANG_WARN_DIRECT_OBJC_ISA_USAGE = YES_ERROR;
				CLANG_WARN_DOCUMENTATION_COMMENTS = YES;
				CLANG_WARN_EMPTY_BODY = YES;
				CLANG_WARN_ENUM_CONVERSION = YES;
				CLANG_WARN_INFINITE_RECURSION = YES;
				CLANG_WARN_INT_CONVERSION = YES;
				CLANG_WARN_NON_LITERAL_NULL_CONVERSION = YES;
				CLANG_WARN_OBJC_IMPLICIT_RETAIN_SELF = YES;
				CLANG_WARN_OBJC_LITERAL_CONVERSION = YES;
				CLANG_WARN_OBJC_ROOT_CLASS = YES_ERROR;
				CLANG_WARN_QUOTED_INCLUDE_IN_FRAMEWORK_HEADER = YES;
				CLANG_WARN_RANGE_LOOP_ANALYSIS = YES;
				CLANG_WARN_STRICT_PROTOTYPES = YES;
				CLANG_WARN_SUSPICIOUS_MOVE = YES;
				CLANG_WARN_UNGUARDED_AVAILABILITY = YES_AGGRESSIVE;
				CLANG_WARN_UNREACHABLE_CODE = YES;
				CLANG_WARN__DUPLICATE_METHOD_MATCH = YES;
				COPY_PHASE_STRIP = NO;
				DEBUG_INFORMATION_FORMAT = "dwarf-with-dsym";
				ENABLE_NS_ASSERTIONS = NO;
				ENABLE_STRICT_OBJC_MSGSEND = YES;
				GCC_C_LANGUAGE_STANDARD = gnu11;
				GCC_NO_COMMON_BLOCKS = YES;
				GCC_WARN_64_TO_32_BIT_CONVERSION = YES;
				GCC_WARN_ABOUT_RETURN_TYPE = YES_ERROR;
				GCC_WARN_UNDECLARED_SELECTOR = YES;
				GCC_WARN_UNINITIALIZED_AUTOS = YES_AGGRESSIVE;
				GCC_WARN_UNUSED_FUNCTION = YES;
				GCC_WARN_UNUSED_VARIABLE = YES;
				IPHONEOS_DEPLOYMENT_TARGET = 15.5;
				MTL_ENABLE_DEBUG_INFO = NO;
				MTL_FAST_MATH = YES;
				SDKROOT = iphoneos;
				SWIFT_COMPILATION_MODE = wholemodule;
				SWIFT_OPTIMIZATION_LEVEL = "-O";
				VALIDATE_PRODUCT = YES;
			};
			name = Release;
		};
		8B1415D82873650B003709C0 /* Debug */ = {
			isa = XCBuildConfiguration;
			buildSettings = {
				ASSETCATALOG_COMPILER_APPICON_NAME = AppIcon;
				ASSETCATALOG_COMPILER_GLOBAL_ACCENT_COLOR_NAME = AccentColor;
				CODE_SIGN_STYLE = Automatic;
				CURRENT_PROJECT_VERSION = 1;
				DEVELOPMENT_ASSET_PATHS = "\"Scrumdinger/Preview Content\"";
				ENABLE_PREVIEWS = YES;
				GENERATE_INFOPLIST_FILE = YES;
				INFOPLIST_KEY_UIApplicationSceneManifest_Generation = YES;
				INFOPLIST_KEY_UIApplicationSupportsIndirectInputEvents = YES;
				INFOPLIST_KEY_UILaunchScreen_Generation = YES;
				INFOPLIST_KEY_UISupportedInterfaceOrientations_iPad = "UIInterfaceOrientationPortrait UIInterfaceOrientationPortraitUpsideDown UIInterfaceOrientationLandscapeLeft UIInterfaceOrientationLandscapeRight";
				INFOPLIST_KEY_UISupportedInterfaceOrientations_iPhone = "UIInterfaceOrientationPortrait UIInterfaceOrientationLandscapeLeft UIInterfaceOrientationLandscapeRight";
				LD_RUNPATH_SEARCH_PATHS = (
					"$(inherited)",
					"@executable_path/Frameworks",
				);
				MARKETING_VERSION = 1.0;
				PRODUCT_BUNDLE_IDENTIFIER = com.kenwalger.Scrumdinger;
				PRODUCT_NAME = "$(TARGET_NAME)";
				SWIFT_EMIT_LOC_STRINGS = YES;
				SWIFT_VERSION = 5.0;
				TARGETED_DEVICE_FAMILY = "1,2";
			};
			name = Debug;
		};
		8B1415D92873650B003709C0 /* Release */ = {
			isa = XCBuildConfiguration;
			buildSettings = {
				ASSETCATALOG_COMPILER_APPICON_NAME = AppIcon;
				ASSETCATALOG_COMPILER_GLOBAL_ACCENT_COLOR_NAME = AccentColor;
				CODE_SIGN_STYLE = Automatic;
				CURRENT_PROJECT_VERSION = 1;
				DEVELOPMENT_ASSET_PATHS = "\"Scrumdinger/Preview Content\"";
				ENABLE_PREVIEWS = YES;
				GENERATE_INFOPLIST_FILE = YES;
				INFOPLIST_KEY_UIApplicationSceneManifest_Generation = YES;
				INFOPLIST_KEY_UIApplicationSupportsIndirectInputEvents = YES;
				INFOPLIST_KEY_UILaunchScreen_Generation = YES;
				INFOPLIST_KEY_UISupportedInterfaceOrientations_iPad = "UIInterfaceOrientationPortrait UIInterfaceOrientationPortraitUpsideDown UIInterfaceOrientationLandscapeLeft UIInterfaceOrientationLandscapeRight";
				INFOPLIST_KEY_UISupportedInterfaceOrientations_iPhone = "UIInterfaceOrientationPortrait UIInterfaceOrientationLandscapeLeft UIInterfaceOrientationLandscapeRight";
				LD_RUNPATH_SEARCH_PATHS = (
					"$(inherited)",
					"@executable_path/Frameworks",
				);
				MARKETING_VERSION = 1.0;
				PRODUCT_BUNDLE_IDENTIFIER = com.kenwalger.Scrumdinger;
				PRODUCT_NAME = "$(TARGET_NAME)";
				SWIFT_EMIT_LOC_STRINGS = YES;
				SWIFT_VERSION = 5.0;
				TARGETED_DEVICE_FAMILY = "1,2";
			};
			name = Release;
		};
		8B1415DB2873650B003709C0 /* Debug */ = {
			isa = XCBuildConfiguration;
			buildSettings = {
				ALWAYS_EMBED_SWIFT_STANDARD_LIBRARIES = YES;
				BUNDLE_LOADER = "$(TEST_HOST)";
				CODE_SIGN_STYLE = Automatic;
				CURRENT_PROJECT_VERSION = 1;
				GENERATE_INFOPLIST_FILE = YES;
				IPHONEOS_DEPLOYMENT_TARGET = 15.5;
				MARKETING_VERSION = 1.0;
				PRODUCT_BUNDLE_IDENTIFIER = com.kenwalger.ScrumdingerTests;
				PRODUCT_NAME = "$(TARGET_NAME)";
				SWIFT_EMIT_LOC_STRINGS = NO;
				SWIFT_VERSION = 5.0;
				TARGETED_DEVICE_FAMILY = "1,2";
				TEST_HOST = "$(BUILT_PRODUCTS_DIR)/Scrumdinger.app/Scrumdinger";
			};
			name = Debug;
		};
		8B1415DC2873650B003709C0 /* Release */ = {
			isa = XCBuildConfiguration;
			buildSettings = {
				ALWAYS_EMBED_SWIFT_STANDARD_LIBRARIES = YES;
				BUNDLE_LOADER = "$(TEST_HOST)";
				CODE_SIGN_STYLE = Automatic;
				CURRENT_PROJECT_VERSION = 1;
				GENERATE_INFOPLIST_FILE = YES;
				IPHONEOS_DEPLOYMENT_TARGET = 15.5;
				MARKETING_VERSION = 1.0;
				PRODUCT_BUNDLE_IDENTIFIER = com.kenwalger.ScrumdingerTests;
				PRODUCT_NAME = "$(TARGET_NAME)";
				SWIFT_EMIT_LOC_STRINGS = NO;
				SWIFT_VERSION = 5.0;
				TARGETED_DEVICE_FAMILY = "1,2";
				TEST_HOST = "$(BUILT_PRODUCTS_DIR)/Scrumdinger.app/Scrumdinger";
			};
			name = Release;
		};
		8B1415DE2873650B003709C0 /* Debug */ = {
			isa = XCBuildConfiguration;
			buildSettings = {
				ALWAYS_EMBED_SWIFT_STANDARD_LIBRARIES = YES;
				CODE_SIGN_STYLE = Automatic;
				CURRENT_PROJECT_VERSION = 1;
				GENERATE_INFOPLIST_FILE = YES;
				MARKETING_VERSION = 1.0;
				PRODUCT_BUNDLE_IDENTIFIER = com.kenwalger.ScrumdingerUITests;
				PRODUCT_NAME = "$(TARGET_NAME)";
				SWIFT_EMIT_LOC_STRINGS = NO;
				SWIFT_VERSION = 5.0;
				TARGETED_DEVICE_FAMILY = "1,2";
				TEST_TARGET_NAME = Scrumdinger;
			};
			name = Debug;
		};
		8B1415DF2873650B003709C0 /* Release */ = {
			isa = XCBuildConfiguration;
			buildSettings = {
				ALWAYS_EMBED_SWIFT_STANDARD_LIBRARIES = YES;
				CODE_SIGN_STYLE = Automatic;
				CURRENT_PROJECT_VERSION = 1;
				GENERATE_INFOPLIST_FILE = YES;
				MARKETING_VERSION = 1.0;
				PRODUCT_BUNDLE_IDENTIFIER = com.kenwalger.ScrumdingerUITests;
				PRODUCT_NAME = "$(TARGET_NAME)";
				SWIFT_EMIT_LOC_STRINGS = NO;
				SWIFT_VERSION = 5.0;
				TARGETED_DEVICE_FAMILY = "1,2";
				TEST_TARGET_NAME = Scrumdinger;
			};
			name = Release;
		};
/* End XCBuildConfiguration section */

/* Begin XCConfigurationList section */
		8B1415A928736505003709C0 /* Build configuration list for PBXProject "Scrumdinger" */ = {
			isa = XCConfigurationList;
			buildConfigurations = (
				8B1415D52873650B003709C0 /* Debug */,
				8B1415D62873650B003709C0 /* Release */,
			);
			defaultConfigurationIsVisible = 0;
			defaultConfigurationName = Release;
		};
		8B1415D72873650B003709C0 /* Build configuration list for PBXNativeTarget "Scrumdinger" */ = {
			isa = XCConfigurationList;
			buildConfigurations = (
				8B1415D82873650B003709C0 /* Debug */,
				8B1415D92873650B003709C0 /* Release */,
			);
			defaultConfigurationIsVisible = 0;
			defaultConfigurationName = Release;
		};
		8B1415DA2873650B003709C0 /* Build configuration list for PBXNativeTarget "ScrumdingerTests" */ = {
			isa = XCConfigurationList;
			buildConfigurations = (
				8B1415DB2873650B003709C0 /* Debug */,
				8B1415DC2873650B003709C0 /* Release */,
			);
			defaultConfigurationIsVisible = 0;
			defaultConfigurationName = Release;
		};
		8B1415DD2873650B003709C0 /* Build configuration list for PBXNativeTarget "ScrumdingerUITests" */ = {
			isa = XCConfigurationList;
			buildConfigurations = (
				8B1415DE2873650B003709C0 /* Debug */,
				8B1415DF2873650B003709C0 /* Release */,
			);
			defaultConfigurationIsVisible = 0;
			defaultConfigurationName = Release;
		};
/* End XCConfigurationList section */

/* Begin XCVersionGroup section */
		8B1415BC2873650B003709C0 /* Scrumdinger.xcdatamodeld */ = {
			isa = XCVersionGroup;
			children = (
				8B1415BD2873650B003709C0 /* Scrumdinger.xcdatamodel */,
			);
			currentVersion = 8B1415BD2873650B003709C0 /* Scrumdinger.xcdatamodel */;
			path = Scrumdinger.xcdatamodeld;
			sourceTree = "<group>";
			versionGroupType = wrapper.xcdatamodel;
		};
/* End XCVersionGroup section */
	};
	rootObject = 8B1415A628736505003709C0 /* Project object */;
}
